
Microsoft Visual Studio Solution File, Format Version 12.00
# Visual Studio Version 16
VisualStudioVersion = 16.0.29806.167
MinimumVisualStudioVersion = 10.0.40219.1
Project("{FAE04EC0-301F-11D3-BF4B-00C04F79EFBC}") = "Test", "Test\Test.csproj", "{FFB65AA9-0346-4466-8584-B15BD052C373}"
EndProject
Project("{FAE04EC0-301F-11D3-BF4B-00C04F79EFBC}") = "UnitTestP", "UnitTestP\UnitTestP.csproj", "{92FBA2DB-89D0-4FFE-B4E9-8CACEE4848D2}"
EndProject
Project("{FAE04EC0-301F-11D3-BF4B-00C04F79EFBC}") = "WordFreq", "WordFreq\WordFreq.csproj", "{0C6573E4-CEE0-4A7F-8936-707FBFA25EAB}"
EndProject
Global
	GlobalSection(SolutionConfigurationPlatforms) = preSolution
		Debug|Any CPU = Debug|Any CPU
		Release|Any CPU = Release|Any CPU
	EndGlobalSection
	GlobalSection(ProjectConfigurationPlatforms) = postSolution
		{FFB65AA9-0346-4466-8584-B15BD052C373}.Debug|Any CPU.ActiveCfg = Debug|Any CPU
		{FFB65AA9-0346-4466-8584-B15BD052C373}.Debug|Any CPU.Build.0 = Debug|Any CPU
		{FFB65AA9-0346-4466-8584-B15BD052C373}.Release|Any CPU.ActiveCfg = Release|Any CPU
		{FFB65AA9-0346-4466-8584-B15BD052C373}.Release|Any CPU.Build.0 = Release|Any CPU
		{92FBA2DB-89D0-4FFE-B4E9-8CACEE4848D2}.Debug|Any CPU.ActiveCfg = Debug|Any CPU
		{92FBA2DB-89D0-4FFE-B4E9-8CACEE4848D2}.Debug|Any CPU.Build.0 = Debug|Any CPU
		{92FBA2DB-89D0-4FFE-B4E9-8CACEE4848D2}.Release|Any CPU.ActiveCfg = Release|Any CPU
		{92FBA2DB-89D0-4FFE-B4E9-8CACEE4848D2}.Release|Any CPU.Build.0 = Release|Any CPU
		{0C6573E4-CEE0-4A7F-8936-707FBFA25EAB}.Debug|Any CPU.ActiveCfg = Debug|Any CPU
		{0C6573E4-CEE0-4A7F-8936-707FBFA25EAB}.Debug|Any CPU.Build.0 = Debug|Any CPU
		{0C6573E4-CEE0-4A7F-8936-707FBFA25EAB}.Release|Any CPU.ActiveCfg = Release|Any CPU
		{0C6573E4-CEE0-4A7F-8936-707FBFA25EAB}.Release|Any CPU.Build.0 = Release|Any CPU
	EndGlobalSection
	GlobalSection(SolutionProperties) = preSolution
		HideSolutionNode = FALSE
	EndGlobalSection
	GlobalSection(ExtensibilityGlobals) = postSolution
		SolutionGuid = {64236332-497D-426E-8EE8-BFF9052743F9}
	EndGlobalSection
EndGlobal
